// !$*UTF8*$!
{
	archiveVersion = 1;
	classes = {
	};
	objectVersion = 50;
	objects = {

/* Begin PBXBuildFile section */
		C7317E78268A4FF1007AAE0F /* AddCardForm.swift in Sources */ = {isa = PBXBuildFile; fileRef = C7317E77268A4FF1007AAE0F /* AddCardForm.swift */; };
		C74A0C0826960BC900340956 /* TransactionsListView.swift in Sources */ = {isa = PBXBuildFile; fileRef = C74A0C0726960BC900340956 /* TransactionsListView.swift */; };
		C74A0C1426978BB800340956 /* CategoriesListView.swift in Sources */ = {isa = PBXBuildFile; fileRef = C74A0C1326978BB800340956 /* CategoriesListView.swift */; };
		C74A0C1B269D4CC300340956 /* Color.swift in Sources */ = {isa = PBXBuildFile; fileRef = C74A0C1A269D4CC300340956 /* Color.swift */; };
		C758501E268F8E3800AA63A8 /* AddTransactionForm.swift in Sources */ = {isa = PBXBuildFile; fileRef = C758501D268F8E3800AA63A8 /* AddTransactionForm.swift */; };
		C7DA996626898746003023E4 /* SwiftUICoreDataSpendingTrackerLBTAApp.swift in Sources */ = {isa = PBXBuildFile; fileRef = C7DA996526898746003023E4 /* SwiftUICoreDataSpendingTrackerLBTAApp.swift */; };
		C7DA996826898746003023E4 /* ContentView.swift in Sources */ = {isa = PBXBuildFile; fileRef = C7DA996726898746003023E4 /* ContentView.swift */; };
		C7DA996A26898747003023E4 /* Assets.xcassets in Resources */ = {isa = PBXBuildFile; fileRef = C7DA996926898747003023E4 /* Assets.xcassets */; };
		C7DA996D26898747003023E4 /* Preview Assets.xcassets in Resources */ = {isa = PBXBuildFile; fileRef = C7DA996C26898747003023E4 /* Preview Assets.xcassets */; };
		C7DA996F26898747003023E4 /* Persistence.swift in Sources */ = {isa = PBXBuildFile; fileRef = C7DA996E26898747003023E4 /* Persistence.swift */; };
		C7DA997226898747003023E4 /* SwiftUICoreDataSpendingTrackerLBTA.xcdatamodeld in Sources */ = {isa = PBXBuildFile; fileRef = C7DA997026898747003023E4 /* SwiftUICoreDataSpendingTrackerLBTA.xcdatamodeld */; };
		C7DA997B2689876C003023E4 /* MainView.swift in Sources */ = {isa = PBXBuildFile; fileRef = C7DA997A2689876C003023E4 /* MainView.swift */; };
/* End PBXBuildFile section */

/* Begin PBXFileReference section */
		C7317E77268A4FF1007AAE0F /* AddCardForm.swift */ = {isa = PBXFileReference; lastKnownFileType = sourcecode.swift; path = AddCardForm.swift; sourceTree = "<group>"; };
		C74A0C0726960BC900340956 /* TransactionsListView.swift */ = {isa = PBXFileReference; lastKnownFileType = sourcecode.swift; path = TransactionsListView.swift; sourceTree = "<group>"; };
		C74A0C1326978BB800340956 /* CategoriesListView.swift */ = {isa = PBXFileReference; lastKnownFileType = sourcecode.swift; path = CategoriesListView.swift; sourceTree = "<group>"; };
		C74A0C1A269D4CC300340956 /* Color.swift */ = {isa = PBXFileReference; lastKnownFileType = sourcecode.swift; path = Color.swift; sourceTree = "<group>"; };
		C758501D268F8E3800AA63A8 /* AddTransactionForm.swift */ = {isa = PBXFileReference; lastKnownFileType = sourcecode.swift; path = AddTransactionForm.swift; sourceTree = "<group>"; };
		C7DA996226898746003023E4 /* SwiftUICoreDataSpendingTrackerLBTA.app */ = {isa = PBXFileReference; explicitFileType = wrapper.application; includeInIndex = 0; path = SwiftUICoreDataSpendingTrackerLBTA.app; sourceTree = BUILT_PRODUCTS_DIR; };
		C7DA996526898746003023E4 /* SwiftUICoreDataSpendingTrackerLBTAApp.swift */ = {isa = PBXFileReference; lastKnownFileType = sourcecode.swift; path = SwiftUICoreDataSpendingTrackerLBTAApp.swift; sourceTree = "<group>"; };
		C7DA996726898746003023E4 /* ContentView.swift */ = {isa = PBXFileReference; lastKnownFileType = sourcecode.swift; path = ContentView.swift; sourceTree = "<group>"; };
		C7DA996926898747003023E4 /* Assets.xcassets */ = {isa = PBXFileReference; lastKnownFileType = folder.assetcatalog; path = Assets.xcassets; sourceTree = "<group>"; };
		C7DA996C26898747003023E4 /* Preview Assets.xcassets */ = {isa = PBXFileReference; lastKnownFileType = folder.assetcatalog; path = "Preview Assets.xcassets"; sourceTree = "<group>"; };
		C7DA996E26898747003023E4 /* Persistence.swift */ = {isa = PBXFileReference; lastKnownFileType = sourcecode.swift; path = Persistence.swift; sourceTree = "<group>"; };
		C7DA997126898747003023E4 /* SwiftUICoreDataSpendingTrackerLBTA.xcdatamodel */ = {isa = PBXFileReference; lastKnownFileType = wrapper.xcdatamodel; path = SwiftUICoreDataSpendingTrackerLBTA.xcdatamodel; sourceTree = "<group>"; };
		C7DA997326898747003023E4 /* Info.plist */ = {isa = PBXFileReference; lastKnownFileType = text.plist.xml; path = Info.plist; sourceTree = "<group>"; };
		C7DA997A2689876C003023E4 /* MainView.swift */ = {isa = PBXFileReference; fileEncoding = 4; lastKnownFileType = sourcecode.swift; path = MainView.swift; sourceTree = "<group>"; };
/* End PBXFileReference section */

/* Begin PBXFrameworksBuildPhase section */
		C7DA995F26898746003023E4 /* Frameworks */ = {
			isa = PBXFrameworksBuildPhase;
			buildActionMask = 2147483647;
			files = (
			);
			runOnlyForDeploymentPostprocessing = 0;
		};
/* End PBXFrameworksBuildPhase section */

/* Begin PBXGroup section */
		C7317E76268A4FE5007AAE0F /* AddCard */ = {
			isa = PBXGroup;
			children = (
				C7317E77268A4FF1007AAE0F /* AddCardForm.swift */,
			);
			path = AddCard;
			sourceTree = "<group>";
		};
		C74A0C19269D4CB300340956 /* Utils */ = {
			isa = PBXGroup;
			children = (
				C74A0C1A269D4CC300340956 /* Color.swift */,
			);
			path = Utils;
			sourceTree = "<group>";
		};
		C758501C268F8E2200AA63A8 /* Transaction */ = {
			isa = PBXGroup;
			children = (
				C758501D268F8E3800AA63A8 /* AddTransactionForm.swift */,
				C74A0C0726960BC900340956 /* TransactionsListView.swift */,
				C74A0C1326978BB800340956 /* CategoriesListView.swift */,
			);
			path = Transaction;
			sourceTree = "<group>";
		};
		C7DA995926898745003023E4 = {
			isa = PBXGroup;
			children = (
				C7DA996426898746003023E4 /* SwiftUICoreDataSpendingTrackerLBTA */,
				C7DA996326898746003023E4 /* Products */,
			);
			sourceTree = "<group>";
		};
		C7DA996326898746003023E4 /* Products */ = {
			isa = PBXGroup;
			children = (
				C7DA996226898746003023E4 /* SwiftUICoreDataSpendingTrackerLBTA.app */,
			);
			name = Products;
			sourceTree = "<group>";
		};
		C7DA996426898746003023E4 /* SwiftUICoreDataSpendingTrackerLBTA */ = {
			isa = PBXGroup;
			children = (
				C7DA997926898760003023E4 /* Main */,
				C7DA996526898746003023E4 /* SwiftUICoreDataSpendingTrackerLBTAApp.swift */,
				C7DA996726898746003023E4 /* ContentView.swift */,
				C7DA996926898747003023E4 /* Assets.xcassets */,
				C7DA996E26898747003023E4 /* Persistence.swift */,
				C7DA997326898747003023E4 /* Info.plist */,
				C7DA997026898747003023E4 /* SwiftUICoreDataSpendingTrackerLBTA.xcdatamodeld */,
				C7DA996B26898747003023E4 /* Preview Content */,
			);
			path = SwiftUICoreDataSpendingTrackerLBTA;
			sourceTree = "<group>";
		};
		C7DA996B26898747003023E4 /* Preview Content */ = {
			isa = PBXGroup;
			children = (
				C7DA996C26898747003023E4 /* Preview Assets.xcassets */,
			);
			path = "Preview Content";
			sourceTree = "<group>";
		};
		C7DA997926898760003023E4 /* Main */ = {
			isa = PBXGroup;
			children = (
				C74A0C19269D4CB300340956 /* Utils */,
				C758501C268F8E2200AA63A8 /* Transaction */,
				C7317E76268A4FE5007AAE0F /* AddCard */,
				C7DA997A2689876C003023E4 /* MainView.swift */,
			);
			path = Main;
			sourceTree = "<group>";
		};
/* End PBXGroup section */

/* Begin PBXNativeTarget section */
		C7DA996126898746003023E4 /* SwiftUICoreDataSpendingTrackerLBTA */ = {
			isa = PBXNativeTarget;
			buildConfigurationList = C7DA997626898747003023E4 /* Build configuration list for PBXNativeTarget "SwiftUICoreDataSpendingTrackerLBTA" */;
			buildPhases = (
				C7DA995E26898746003023E4 /* Sources */,
				C7DA995F26898746003023E4 /* Frameworks */,
				C7DA996026898746003023E4 /* Resources */,
			);
			buildRules = (
			);
			dependencies = (
			);
			name = SwiftUICoreDataSpendingTrackerLBTA;
			productName = SwiftUICoreDataSpendingTrackerLBTA;
			productReference = C7DA996226898746003023E4 /* SwiftUICoreDataSpendingTrackerLBTA.app */;
			productType = "com.apple.product-type.application";
		};
/* End PBXNativeTarget section */

/* Begin PBXProject section */
		C7DA995A26898745003023E4 /* Project object */ = {
			isa = PBXProject;
			attributes = {
				LastSwiftUpdateCheck = 1250;
				LastUpgradeCheck = 1250;
				TargetAttributes = {
					C7DA996126898746003023E4 = {
						CreatedOnToolsVersion = 12.5.1;
					};
				};
			};
			buildConfigurationList = C7DA995D26898745003023E4 /* Build configuration list for PBXProject "SwiftUICoreDataSpendingTrackerLBTA" */;
			compatibilityVersion = "Xcode 9.3";
			developmentRegion = en;
			hasScannedForEncodings = 0;
			knownRegions = (
				en,
				Base,
			);
			mainGroup = C7DA995926898745003023E4;
			productRefGroup = C7DA996326898746003023E4 /* Products */;
			projectDirPath = "";
			projectRoot = "";
			targets = (
				C7DA996126898746003023E4 /* SwiftUICoreDataSpendingTrackerLBTA */,
			);
		};
/* End PBXProject section */

/* Begin PBXResourcesBuildPhase section */
		C7DA996026898746003023E4 /* Resources */ = {
			isa = PBXResourcesBuildPhase;
			buildActionMask = 2147483647;
			files = (
				C7DA996D26898747003023E4 /* Preview Assets.xcassets in Resources */,
				C7DA996A26898747003023E4 /* Assets.xcassets in Resources */,
			);
			runOnlyForDeploymentPostprocessing = 0;
		};
/* End PBXResourcesBuildPhase section */

/* Begin PBXSourcesBuildPhase section */
		C7DA995E26898746003023E4 /* Sources */ = {
			isa = PBXSourcesBuildPhase;
			buildActionMask = 2147483647;
			files = (
				C7DA997226898747003023E4 /* SwiftUICoreDataSpendingTrackerLBTA.xcdatamodeld in Sources */,
				C7317E78268A4FF1007AAE0F /* AddCardForm.swift in Sources */,
				C7DA996F26898747003023E4 /* Persistence.swift in Sources */,
				C74A0C1B269D4CC300340956 /* Color.swift in Sources */,
				C758501E268F8E3800AA63A8 /* AddTransactionForm.swift in Sources */,
				C7DA996826898746003023E4 /* ContentView.swift in Sources */,
				C74A0C1426978BB800340956 /* CategoriesListView.swift in Sources */,
				C74A0C0826960BC900340956 /* TransactionsListView.swift in Sources */,
				C7DA997B2689876C003023E4 /* MainView.swift in Sources */,
				C7DA996626898746003023E4 /* SwiftUICoreDataSpendingTrackerLBTAApp.swift in Sources */,
			);
			runOnlyForDeploymentPostprocessing = 0;
		};
/* End PBXSourcesBuildPhase section */

/* Begin XCBuildConfiguration section */
		C7DA997426898747003023E4 /* Debug */ = {
			isa = XCBuildConfiguration;
			buildSettings = {
				ALWAYS_SEARCH_USER_PATHS = NO;
				CLANG_ANALYZER_NONNULL = YES;
				CLANG_ANALYZER_NUMBER_OBJECT_CONVERSION = YES_AGGRESSIVE;
				CLANG_CXX_LANGUAGE_STANDARD = "gnu++14";
				CLANG_CXX_LIBRARY = "libc++";
				CLANG_ENABLE_MODULES = YES;
				CLANG_ENABLE_OBJC_ARC = YES;
				CLANG_ENABLE_OBJC_WEAK = YES;
				CLANG_WARN_BLOCK_CAPTURE_AUTORELEASING = YES;
				CLANG_WARN_BOOL_CONVERSION = YES;
				CLANG_WARN_COMMA = YES;
				CLANG_WARN_CONSTANT_CONVERSION = YES;
				CLANG_WARN_DEPRECATED_OBJC_IMPLEMENTATIONS = YES;
				CLANG_WARN_DIRECT_OBJC_ISA_USAGE = YES_ERROR;
				CLANG_WARN_DOCUMENTATION_COMMENTS = YES;
				CLANG_WARN_EMPTY_BODY = YES;
				CLANG_WARN_ENUM_CONVERSION = YES;
				CLANG_WARN_INFINITE_RECURSION = YES;
				CLANG_WARN_INT_CONVERSION = YES;
				CLANG_WARN_NON_LITERAL_NULL_CONVERSION = YES;
				CLANG_WARN_OBJC_IMPLICIT_RETAIN_SELF = YES;
				CLANG_WARN_OBJC_LITERAL_CONVERSION = YES;
				CLANG_WARN_OBJC_ROOT_CLASS = YES_ERROR;
				CLANG_WARN_QUOTED_INCLUDE_IN_FRAMEWORK_HEADER = YES;
				CLANG_WARN_RANGE_LOOP_ANALYSIS = YES;
				CLANG_WARN_STRICT_PROTOTYPES = YES;
				CLANG_WARN_SUSPICIOUS_MOVE = YES;
				CLANG_WARN_UNGUARDED_AVAILABILITY = YES_AGGRESSIVE;
				CLANG_WARN_UNREACHABLE_CODE = YES;
				CLANG_WARN__DUPLICATE_METHOD_MATCH = YES;
				COPY_PHASE_STRIP = NO;
				DEBUG_INFORMATION_FORMAT = dwarf;
				ENABLE_STRICT_OBJC_MSGSEND = YES;
				ENABLE_TESTABILITY = YES;
				GCC_C_LANGUAGE_STANDARD = gnu11;
				GCC_DYNAMIC_NO_PIC = NO;
				GCC_NO_COMMON_BLOCKS = YES;
				GCC_OPTIMIZATION_LEVEL = 0;
				GCC_PREPROCESSOR_DEFINITIONS = (
					"DEBUG=1",
					"$(inherited)",
				);
				GCC_WARN_64_TO_32_BIT_CONVERSION = YES;
				GCC_WARN_ABOUT_RETURN_TYPE = YES_ERROR;
				GCC_WARN_UNDECLARED_SELECTOR = YES;
				GCC_WARN_UNINITIALIZED_AUTOS = YES_AGGRESSIVE;
				GCC_WARN_UNUSED_FUNCTION = YES;
				GCC_WARN_UNUSED_VARIABLE = YES;
				IPHONEOS_DEPLOYMENT_TARGET = 14.5;
				MTL_ENABLE_DEBUG_INFO = INCLUDE_SOURCE;
				MTL_FAST_MATH = YES;
				ONLY_ACTIVE_ARCH = YES;
				SDKROOT = iphoneos;
				SWIFT_ACTIVE_COMPILATION_CONDITIONS = DEBUG;
				SWIFT_OPTIMIZATION_LEVEL = "-Onone";
			};
			name = Debug;
		};
		C7DA997526898747003023E4 /* Release */ = {
			isa = XCBuildConfiguration;
			buildSettings = {
				ALWAYS_SEARCH_USER_PATHS = NO;
				CLANG_ANALYZER_NONNULL = YES;
				CLANG_ANALYZER_NUMBER_OBJECT_CONVERSION = YES_AGGRESSIVE;
				CLANG_CXX_LANGUAGE_STANDARD = "gnu++14";
				CLANG_CXX_LIBRARY = "libc++";
				CLANG_ENABLE_MODULES = YES;
				CLANG_ENABLE_OBJC_ARC = YES;
				CLANG_ENABLE_OBJC_WEAK = YES;
				CLANG_WARN_BLOCK_CAPTURE_AUTORELEASING = YES;
				CLANG_WARN_BOOL_CONVERSION = YES;
				CLANG_WARN_COMMA = YES;
				CLANG_WARN_CONSTANT_CONVERSION = YES;
				CLANG_WARN_DEPRECATED_OBJC_IMPLEMENTATIONS = YES;
				CLANG_WARN_DIRECT_OBJC_ISA_USAGE = YES_ERROR;
				CLANG_WARN_DOCUMENTATION_COMMENTS = YES;
				CLANG_WARN_EMPTY_BODY = YES;
				CLANG_WARN_ENUM_CONVERSION = YES;
				CLANG_WARN_INFINITE_RECURSION = YES;
				CLANG_WARN_INT_CONVERSION = YES;
				CLANG_WARN_NON_LITERAL_NULL_CONVERSION = YES;
				CLANG_WARN_OBJC_IMPLICIT_RETAIN_SELF = YES;
				CLANG_WARN_OBJC_LITERAL_CONVERSION = YES;
				CLANG_WARN_OBJC_ROOT_CLASS = YES_ERROR;
				CLANG_WARN_QUOTED_INCLUDE_IN_FRAMEWORK_HEADER = YES;
				CLANG_WARN_RANGE_LOOP_ANALYSIS = YES;
				CLANG_WARN_STRICT_PROTOTYPES = YES;
				CLANG_WARN_SUSPICIOUS_MOVE = YES;
				CLANG_WARN_UNGUARDED_AVAILABILITY = YES_AGGRESSIVE;
				CLANG_WARN_UNREACHABLE_CODE = YES;
				CLANG_WARN__DUPLICATE_METHOD_MATCH = YES;
				COPY_PHASE_STRIP = NO;
				DEBUG_INFORMATION_FORMAT = "dwarf-with-dsym";
				ENABLE_NS_ASSERTIONS = NO;
				ENABLE_STRICT_OBJC_MSGSEND = YES;
				GCC_C_LANGUAGE_STANDARD = gnu11;
				GCC_NO_COMMON_BLOCKS = YES;
				GCC_WARN_64_TO_32_BIT_CONVERSION = YES;
				GCC_WARN_ABOUT_RETURN_TYPE = YES_ERROR;
				GCC_WARN_UNDECLARED_SELECTOR = YES;
				GCC_WARN_UNINITIALIZED_AUTOS = YES_AGGRESSIVE;
				GCC_WARN_UNUSED_FUNCTION = YES;
				GCC_WARN_UNUSED_VARIABLE = YES;
				IPHONEOS_DEPLOYMENT_TARGET = 14.5;
				MTL_ENABLE_DEBUG_INFO = NO;
				MTL_FAST_MATH = YES;
				SDKROOT = iphoneos;
				SWIFT_COMPILATION_MODE = wholemodule;
				SWIFT_OPTIMIZATION_LEVEL = "-O";
				VALIDATE_PRODUCT = YES;
			};
			name = Release;
		};
		C7DA997726898747003023E4 /* Debug */ = {
			isa = XCBuildConfiguration;
			buildSettings = {
				ASSETCATALOG_COMPILER_APPICON_NAME = AppIcon;
				ASSETCATALOG_COMPILER_GLOBAL_ACCENT_COLOR_NAME = AccentColor;
				CODE_SIGN_STYLE = Automatic;
				DEVELOPMENT_ASSET_PATHS = "\"SwiftUICoreDataSpendingTrackerLBTA/Preview Content\"";
				DEVELOPMENT_TEAM = TU4944T6UG;
				ENABLE_PREVIEWS = YES;
				INFOPLIST_FILE = SwiftUICoreDataSpendingTrackerLBTA/Info.plist;
				IPHONEOS_DEPLOYMENT_TARGET = 14.0;
				LD_RUNPATH_SEARCH_PATHS = (
					"$(inherited)",
					"@executable_path/Frameworks",
				);
				PRODUCT_BUNDLE_IDENTIFIER = com.letsbuildthatapp.spendingtracker.SwiftUICoreDataSpendingTrackerLBTA;
				PRODUCT_NAME = "$(TARGET_NAME)";
				SWIFT_VERSION = 5.0;
				TARGETED_DEVICE_FAMILY = "1,2";
			};
			name = Debug;
		};
		C7DA997826898747003023E4 /* Release */ = {
			isa = XCBuildConfiguration;
			buildSettings = {
				ASSETCATALOG_COMPILER_APPICON_NAME = AppIcon;
				ASSETCATALOG_COMPILER_GLOBAL_ACCENT_COLOR_NAME = AccentColor;
				CODE_SIGN_STYLE = Automatic;
				DEVELOPMENT_ASSET_PATHS = "\"SwiftUICoreDataSpendingTrackerLBTA/Preview Content\"";
				DEVELOPMENT_TEAM = TU4944T6UG;
				ENABLE_PREVIEWS = YES;
				INFOPLIST_FILE = SwiftUICoreDataSpendingTrackerLBTA/Info.plist;
				IPHONEOS_DEPLOYMENT_TARGET = 14.0;
				LD_RUNPATH_SEARCH_PATHS = (
					"$(inherited)",
					"@executable_path/Frameworks",
				);
				PRODUCT_BUNDLE_IDENTIFIER = com.letsbuildthatapp.spendingtracker.SwiftUICoreDataSpendingTrackerLBTA;
				PRODUCT_NAME = "$(TARGET_NAME)";
				SWIFT_VERSION = 5.0;
				TARGETED_DEVICE_FAMILY = "1,2";
			};
			name = Release;
		};
/* End XCBuildConfiguration section */

/* Begin XCConfigurationList section */
		C7DA995D26898745003023E4 /* Build configuration list for PBXProject "SwiftUICoreDataSpendingTrackerLBTA" */ = {
			isa = XCConfigurationList;
			buildConfigurations = (
				C7DA997426898747003023E4 /* Debug */,
				C7DA997526898747003023E4 /* Release */,
			);
			defaultConfigurationIsVisible = 0;
			defaultConfigurationName = Release;
		};
		C7DA997626898747003023E4 /* Build configuration list for PBXNativeTarget "SwiftUICoreDataSpendingTrackerLBTA" */ = {
			isa = XCConfigurationList;
			buildConfigurations = (
				C7DA997726898747003023E4 /* Debug */,
				C7DA997826898747003023E4 /* Release */,
			);
			defaultConfigurationIsVisible = 0;
			defaultConfigurationName = Release;
		};
/* End XCConfigurationList section */

/* Begin XCVersionGroup section */
		C7DA997026898747003023E4 /* SwiftUICoreDataSpendingTrackerLBTA.xcdatamodeld */ = {
			isa = XCVersionGroup;
			children = (
				C7DA997126898747003023E4 /* SwiftUICoreDataSpendingTrackerLBTA.xcdatamodel */,
			);
			currentVersion = C7DA997126898747003023E4 /* SwiftUICoreDataSpendingTrackerLBTA.xcdatamodel */;
			path = SwiftUICoreDataSpendingTrackerLBTA.xcdatamodeld;
			sourceTree = "<group>";
			versionGroupType = wrapper.xcdatamodel;
		};
/* End XCVersionGroup section */
	};
	rootObject = C7DA995A26898745003023E4 /* Project object */;
}
